
Microsoft Visual Studio Solution File, Format Version 12.00
# Visual Studio Version 17
VisualStudioVersion = 17.5.002.0
MinimumVisualStudioVersion = 10.0.40219.1
Project("{9A19103F-16F7-4668-BE54-9A1E7A4F7556}") = "BlazorApp", "BlazorApp.csproj", "{6EFA5826-226A-4915-B820-D60AC3367AF1}"
EndProject
Global
	GlobalSection(SolutionConfigurationPlatforms) = preSolution
		Debug|Any CPU = Debug|Any CPU
		Release|Any CPU = Release|Any CPU
	EndGlobalSection
	GlobalSection(ProjectConfigurationPlatforms) = postSolution
		{6EFA5826-226A-4915-B820-D60AC3367AF1}.Debug|Any CPU.ActiveCfg = Debug|Any CPU
		{6EFA5826-226A-4915-B820-D60AC3367AF1}.Debug|Any CPU.Build.0 = Debug|Any CPU
		{6EFA5826-226A-4915-B820-D60AC3367AF1}.Release|Any CPU.ActiveCfg = Release|Any CPU
		{6EFA5826-226A-4915-B820-D60AC3367AF1}.Release|Any CPU.Build.0 = Release|Any CPU
	EndGlobalSection
	GlobalSection(SolutionProperties) = preSolution
		HideSolutionNode = FALSE
	EndGlobalSection
	GlobalSection(ExtensibilityGlobals) = postSolution
		SolutionGuid = {B7D10034-9169-4CE6-9611-560C0F3ECF26}
	EndGlobalSection
EndGlobal
